
Microsoft Visual Studio Solution File, Format Version 12.00
# Visual Studio Version 17
VisualStudioVersion = 17.9.34728.123
MinimumVisualStudioVersion = 10.0.40219.1
Project("{8BC9CEB8-8B4A-11D0-8D11-00A0C91BC942}") = "04.01", "04.01\04.01.vcxproj", "{CCB80BD8-2232-47DB-A7AC-C5AFE49C4F42}"
EndProject
Project("{8BC9CEB8-8B4A-11D0-8D11-00A0C91BC942}") = "04.02", "04.02\04.02.vcxproj", "{CD0247EB-2152-4CAF-8654-423B0C804DE5}"
EndProject
Project("{8BC9CEB8-8B4A-11D0-8D11-00A0C91BC942}") = "04.03", "04.03\04.03.vcxproj", "{443AE4DA-48E7-43AF-A7D3-F1CBC14EE008}"
EndProject
Project("{8BC9CEB8-8B4A-11D0-8D11-00A0C91BC942}") = "04.04", "04.04\04.04.vcxproj", "{E68C3FB8-E6BE-401F-A5AE-6AA1CCB49C00}"
EndProject
Project("{8BC9CEB8-8B4A-11D0-8D11-00A0C91BC942}") = "04.05", "04.05\04.05.vcxproj", "{509BD8BF-CB7C-4BD7-AB3E-1E16BA88D31D}"
EndProject
Project("{8BC9CEB8-8B4A-11D0-8D11-00A0C91BC942}") = "04.06", "04.06\04.06.vcxproj", "{6D7BEFFE-B63F-448B-82D1-CBD950D62B24}"
EndProject
Project("{8BC9CEB8-8B4A-11D0-8D11-00A0C91BC942}") = "04.07", "04.07\04.07.vcxproj", "{E9E9C410-C9A1-4752-A21F-5D3358FABB2D}"
EndProject
Project("{8BC9CEB8-8B4A-11D0-8D11-00A0C91BC942}") = "04.08", "04.08\04.08.vcxproj", "{25E06C8D-5A3D-48EA-9864-EB09704BA43F}"
EndProject
Global
	GlobalSection(SolutionConfigurationPlatforms) = preSolution
		Debug|x64 = Debug|x64
		Debug|x86 = Debug|x86
		Release|x64 = Release|x64
		Release|x86 = Release|x86
	EndGlobalSection
	GlobalSection(ProjectConfigurationPlatforms) = postSolution
		{CCB80BD8-2232-47DB-A7AC-C5AFE49C4F42}.Debug|x64.ActiveCfg = Debug|x64
		{CCB80BD8-2232-47DB-A7AC-C5AFE49C4F42}.Debug|x64.Build.0 = Debug|x64
		{CCB80BD8-2232-47DB-A7AC-C5AFE49C4F42}.Debug|x86.ActiveCfg = Debug|Win32
		{CCB80BD8-2232-47DB-A7AC-C5AFE49C4F42}.Debug|x86.Build.0 = Debug|Win32
		{CCB80BD8-2232-47DB-A7AC-C5AFE49C4F42}.Release|x64.ActiveCfg = Release|x64
		{CCB80BD8-2232-47DB-A7AC-C5AFE49C4F42}.Release|x64.Build.0 = Release|x64
		{CCB80BD8-2232-47DB-A7AC-C5AFE49C4F42}.Release|x86.ActiveCfg = Release|Win32
		{CCB80BD8-2232-47DB-A7AC-C5AFE49C4F42}.Release|x86.Build.0 = Release|Win32
		{CD0247EB-2152-4CAF-8654-423B0C804DE5}.Debug|x64.ActiveCfg = Debug|x64
		{CD0247EB-2152-4CAF-8654-423B0C804DE5}.Debug|x64.Build.0 = Debug|x64
		{CD0247EB-2152-4CAF-8654-423B0C804DE5}.Debug|x86.ActiveCfg = Debug|Win32
		{CD0247EB-2152-4CAF-8654-423B0C804DE5}.Debug|x86.Build.0 = Debug|Win32
		{CD0247EB-2152-4CAF-8654-423B0C804DE5}.Release|x64.ActiveCfg = Release|x64
		{CD0247EB-2152-4CAF-8654-423B0C804DE5}.Release|x64.Build.0 = Release|x64
		{CD0247EB-2152-4CAF-8654-423B0C804DE5}.Release|x86.ActiveCfg = Release|Win32
		{CD0247EB-2152-4CAF-8654-423B0C804DE5}.Release|x86.Build.0 = Release|Win32
		{443AE4DA-48E7-43AF-A7D3-F1CBC14EE008}.Debug|x64.ActiveCfg = Debug|x64
		{443AE4DA-48E7-43AF-A7D3-F1CBC14EE008}.Debug|x64.Build.0 = Debug|x64
		{443AE4DA-48E7-43AF-A7D3-F1CBC14EE008}.Debug|x86.ActiveCfg = Debug|Win32
		{443AE4DA-48E7-43AF-A7D3-F1CBC14EE008}.Debug|x86.Build.0 = Debug|Win32
		{443AE4DA-48E7-43AF-A7D3-F1CBC14EE008}.Release|x64.ActiveCfg = Release|x64
		{443AE4DA-48E7-43AF-A7D3-F1CBC14EE008}.Release|x64.Build.0 = Release|x64
		{443AE4DA-48E7-43AF-A7D3-F1CBC14EE008}.Release|x86.ActiveCfg = Release|Win32
		{443AE4DA-48E7-43AF-A7D3-F1CBC14EE008}.Release|x86.Build.0 = Release|Win32
		{E68C3FB8-E6BE-401F-A5AE-6AA1CCB49C00}.Debug|x64.ActiveCfg = Debug|x64
		{E68C3FB8-E6BE-401F-A5AE-6AA1CCB49C00}.Debug|x64.Build.0 = Debug|x64
		{E68C3FB8-E6BE-401F-A5AE-6AA1CCB49C00}.Debug|x86.ActiveCfg = Debug|Win32
		{E68C3FB8-E6BE-401F-A5AE-6AA1CCB49C00}.Debug|x86.Build.0 = Debug|Win32
		{E68C3FB8-E6BE-401F-A5AE-6AA1CCB49C00}.Release|x64.ActiveCfg = Release|x64
		{E68C3FB8-E6BE-401F-A5AE-6AA1CCB49C00}.Release|x64.Build.0 = Release|x64
		{E68C3FB8-E6BE-401F-A5AE-6AA1CCB49C00}.Release|x86.ActiveCfg = Release|Win32
		{E68C3FB8-E6BE-401F-A5AE-6AA1CCB49C00}.Release|x86.Build.0 = Release|Win32
		{509BD8BF-CB7C-4BD7-AB3E-1E16BA88D31D}.Debug|x64.ActiveCfg = Debug|x64
		{509BD8BF-CB7C-4BD7-AB3E-1E16BA88D31D}.Debug|x64.Build.0 = Debug|x64
		{509BD8BF-CB7C-4BD7-AB3E-1E16BA88D31D}.Debug|x86.ActiveCfg = Debug|Win32
		{509BD8BF-CB7C-4BD7-AB3E-1E16BA88D31D}.Debug|x86.Build.0 = Debug|Win32
		{509BD8BF-CB7C-4BD7-AB3E-1E16BA88D31D}.Release|x64.ActiveCfg = Release|x64
		{509BD8BF-CB7C-4BD7-AB3E-1E16BA88D31D}.Release|x64.Build.0 = Release|x64
		{509BD8BF-CB7C-4BD7-AB3E-1E16BA88D31D}.Release|x86.ActiveCfg = Release|Win32
		{509BD8BF-CB7C-4BD7-AB3E-1E16BA88D31D}.Release|x86.Build.0 = Release|Win32
		{6D7BEFFE-B63F-448B-82D1-CBD950D62B24}.Debug|x64.ActiveCfg = Debug|x64
		{6D7BEFFE-B63F-448B-82D1-CBD950D62B24}.Debug|x64.Build.0 = Debug|x64
		{6D7BEFFE-B63F-448B-82D1-CBD950D62B24}.Debug|x86.ActiveCfg = Debug|Win32
		{6D7BEFFE-B63F-448B-82D1-CBD950D62B24}.Debug|x86.Build.0 = Debug|Win32
		{6D7BEFFE-B63F-448B-82D1-CBD950D62B24}.Release|x64.ActiveCfg = Release|x64
		{6D7BEFFE-B63F-448B-82D1-CBD950D62B24}.Release|x64.Build.0 = Release|x64
		{6D7BEFFE-B63F-448B-82D1-CBD950D62B24}.Release|x86.ActiveCfg = Release|Win32
		{6D7BEFFE-B63F-448B-82D1-CBD950D62B24}.Release|x86.Build.0 = Release|Win32
		{E9E9C410-C9A1-4752-A21F-5D3358FABB2D}.Debug|x64.ActiveCfg = Debug|x64
		{E9E9C410-C9A1-4752-A21F-5D3358FABB2D}.Debug|x64.Build.0 = Debug|x64
		{E9E9C410-C9A1-4752-A21F-5D3358FABB2D}.Debug|x86.ActiveCfg = Debug|Win32
		{E9E9C410-C9A1-4752-A21F-5D3358FABB2D}.Debug|x86.Build.0 = Debug|Win32
		{E9E9C410-C9A1-4752-A21F-5D3358FABB2D}.Release|x64.ActiveCfg = Release|x64
		{E9E9C410-C9A1-4752-A21F-5D3358FABB2D}.Release|x64.Build.0 = Release|x64
		{E9E9C410-C9A1-4752-A21F-5D3358FABB2D}.Release|x86.ActiveCfg = Release|Win32
		{E9E9C410-C9A1-4752-A21F-5D3358FABB2D}.Release|x86.Build.0 = Release|Win32
		{25E06C8D-5A3D-48EA-9864-EB09704BA43F}.Debug|x64.ActiveCfg = Debug|x64
		{25E06C8D-5A3D-48EA-9864-EB09704BA43F}.Debug|x64.Build.0 = Debug|x64
		{25E06C8D-5A3D-48EA-9864-EB09704BA43F}.Debug|x86.ActiveCfg = Debug|Win32
		{25E06C8D-5A3D-48EA-9864-EB09704BA43F}.Debug|x86.Build.0 = Debug|Win32
		{25E06C8D-5A3D-48EA-9864-EB09704BA43F}.Release|x64.ActiveCfg = Release|x64
		{25E06C8D-5A3D-48EA-9864-EB09704BA43F}.Release|x64.Build.0 = Release|x64
		{25E06C8D-5A3D-48EA-9864-EB09704BA43F}.Release|x86.ActiveCfg = Release|Win32
		{25E06C8D-5A3D-48EA-9864-EB09704BA43F}.Release|x86.Build.0 = Release|Win32
	EndGlobalSection
	GlobalSection(SolutionProperties) = preSolution
		HideSolutionNode = FALSE
	EndGlobalSection
	GlobalSection(ExtensibilityGlobals) = postSolution
		SolutionGuid = {A9C23B4D-5E1A-483D-9E8C-A1B30501A0C1}
	EndGlobalSection
EndGlobal
