
Microsoft Visual Studio Solution File, Format Version 12.00
# Visual Studio Version 17
VisualStudioVersion = 17.9.34728.123
MinimumVisualStudioVersion = 10.0.40219.1
Project("{8BC9CEB8-8B4A-11D0-8D11-00A0C91BC942}") = "09.01", "09.01\09.01.vcxproj", "{8C576CF6-5D03-498E-9A3D-DA113A24D0C1}"
EndProject
Project("{8BC9CEB8-8B4A-11D0-8D11-00A0C91BC942}") = "09.02", "09.02\09.02.vcxproj", "{1536D24D-878D-4890-9DCD-6F913C4D4C67}"
EndProject
Project("{8BC9CEB8-8B4A-11D0-8D11-00A0C91BC942}") = "09.03", "09.03\09.03.vcxproj", "{69DE9779-9414-4F20-9F5B-D8678DEEA070}"
EndProject
Project("{8BC9CEB8-8B4A-11D0-8D11-00A0C91BC942}") = "09.04", "09.04\09.04.vcxproj", "{FAED1093-4146-4006-BE83-76938B03B1E3}"
EndProject
Project("{8BC9CEB8-8B4A-11D0-8D11-00A0C91BC942}") = "09.05", "09.05\09.05.vcxproj", "{B3D3D022-35AF-47E0-951E-7C640851D78B}"
EndProject
Project("{8BC9CEB8-8B4A-11D0-8D11-00A0C91BC942}") = "09.06", "09.06\09.06.vcxproj", "{F8A0FD20-FE62-4CF0-A126-4B0F640BB3D6}"
EndProject
Project("{8BC9CEB8-8B4A-11D0-8D11-00A0C91BC942}") = "09.07", "09.07\09.07.vcxproj", "{C7ACE473-459A-4E8D-870C-D6CDF388A07A}"
EndProject
Project("{8BC9CEB8-8B4A-11D0-8D11-00A0C91BC942}") = "09.08", "09.08\09.08.vcxproj", "{9DDE6DCF-750F-4AFC-BDC3-FAEE6B21F1D7}"
EndProject
Project("{8BC9CEB8-8B4A-11D0-8D11-00A0C91BC942}") = "09.09", "09.09\09.09.vcxproj", "{FFFB2C8A-E5C3-4A68-8822-6A70465D8297}"
EndProject
Project("{8BC9CEB8-8B4A-11D0-8D11-00A0C91BC942}") = "09.10", "09.10\09.10.vcxproj", "{1216021E-471E-43A4-ADAE-8F2391187106}"
EndProject
Project("{8BC9CEB8-8B4A-11D0-8D11-00A0C91BC942}") = "09.11", "09.11\09.11.vcxproj", "{70FF1B11-9D6C-416E-9EB5-C05BE644D402}"
EndProject
Project("{8BC9CEB8-8B4A-11D0-8D11-00A0C91BC942}") = "09.12", "09.12\09.12.vcxproj", "{5F1E7A75-4B11-4447-B048-768C65AEBF80}"
EndProject
Global
	GlobalSection(SolutionConfigurationPlatforms) = preSolution
		Debug|x64 = Debug|x64
		Debug|x86 = Debug|x86
		Release|x64 = Release|x64
		Release|x86 = Release|x86
	EndGlobalSection
	GlobalSection(ProjectConfigurationPlatforms) = postSolution
		{8C576CF6-5D03-498E-9A3D-DA113A24D0C1}.Debug|x64.ActiveCfg = Debug|x64
		{8C576CF6-5D03-498E-9A3D-DA113A24D0C1}.Debug|x64.Build.0 = Debug|x64
		{8C576CF6-5D03-498E-9A3D-DA113A24D0C1}.Debug|x86.ActiveCfg = Debug|Win32
		{8C576CF6-5D03-498E-9A3D-DA113A24D0C1}.Debug|x86.Build.0 = Debug|Win32
		{8C576CF6-5D03-498E-9A3D-DA113A24D0C1}.Release|x64.ActiveCfg = Release|x64
		{8C576CF6-5D03-498E-9A3D-DA113A24D0C1}.Release|x64.Build.0 = Release|x64
		{8C576CF6-5D03-498E-9A3D-DA113A24D0C1}.Release|x86.ActiveCfg = Release|Win32
		{8C576CF6-5D03-498E-9A3D-DA113A24D0C1}.Release|x86.Build.0 = Release|Win32
		{1536D24D-878D-4890-9DCD-6F913C4D4C67}.Debug|x64.ActiveCfg = Debug|x64
		{1536D24D-878D-4890-9DCD-6F913C4D4C67}.Debug|x64.Build.0 = Debug|x64
		{1536D24D-878D-4890-9DCD-6F913C4D4C67}.Debug|x86.ActiveCfg = Debug|Win32
		{1536D24D-878D-4890-9DCD-6F913C4D4C67}.Debug|x86.Build.0 = Debug|Win32
		{1536D24D-878D-4890-9DCD-6F913C4D4C67}.Release|x64.ActiveCfg = Release|x64
		{1536D24D-878D-4890-9DCD-6F913C4D4C67}.Release|x64.Build.0 = Release|x64
		{1536D24D-878D-4890-9DCD-6F913C4D4C67}.Release|x86.ActiveCfg = Release|Win32
		{1536D24D-878D-4890-9DCD-6F913C4D4C67}.Release|x86.Build.0 = Release|Win32
		{69DE9779-9414-4F20-9F5B-D8678DEEA070}.Debug|x64.ActiveCfg = Debug|x64
		{69DE9779-9414-4F20-9F5B-D8678DEEA070}.Debug|x64.Build.0 = Debug|x64
		{69DE9779-9414-4F20-9F5B-D8678DEEA070}.Debug|x86.ActiveCfg = Debug|Win32
		{69DE9779-9414-4F20-9F5B-D8678DEEA070}.Debug|x86.Build.0 = Debug|Win32
		{69DE9779-9414-4F20-9F5B-D8678DEEA070}.Release|x64.ActiveCfg = Release|x64
		{69DE9779-9414-4F20-9F5B-D8678DEEA070}.Release|x64.Build.0 = Release|x64
		{69DE9779-9414-4F20-9F5B-D8678DEEA070}.Release|x86.ActiveCfg = Release|Win32
		{69DE9779-9414-4F20-9F5B-D8678DEEA070}.Release|x86.Build.0 = Release|Win32
		{FAED1093-4146-4006-BE83-76938B03B1E3}.Debug|x64.ActiveCfg = Debug|x64
		{FAED1093-4146-4006-BE83-76938B03B1E3}.Debug|x64.Build.0 = Debug|x64
		{FAED1093-4146-4006-BE83-76938B03B1E3}.Debug|x86.ActiveCfg = Debug|Win32
		{FAED1093-4146-4006-BE83-76938B03B1E3}.Debug|x86.Build.0 = Debug|Win32
		{FAED1093-4146-4006-BE83-76938B03B1E3}.Release|x64.ActiveCfg = Release|x64
		{FAED1093-4146-4006-BE83-76938B03B1E3}.Release|x64.Build.0 = Release|x64
		{FAED1093-4146-4006-BE83-76938B03B1E3}.Release|x86.ActiveCfg = Release|Win32
		{FAED1093-4146-4006-BE83-76938B03B1E3}.Release|x86.Build.0 = Release|Win32
		{B3D3D022-35AF-47E0-951E-7C640851D78B}.Debug|x64.ActiveCfg = Debug|x64
		{B3D3D022-35AF-47E0-951E-7C640851D78B}.Debug|x64.Build.0 = Debug|x64
		{B3D3D022-35AF-47E0-951E-7C640851D78B}.Debug|x86.ActiveCfg = Debug|Win32
		{B3D3D022-35AF-47E0-951E-7C640851D78B}.Debug|x86.Build.0 = Debug|Win32
		{B3D3D022-35AF-47E0-951E-7C640851D78B}.Release|x64.ActiveCfg = Release|x64
		{B3D3D022-35AF-47E0-951E-7C640851D78B}.Release|x64.Build.0 = Release|x64
		{B3D3D022-35AF-47E0-951E-7C640851D78B}.Release|x86.ActiveCfg = Release|Win32
		{B3D3D022-35AF-47E0-951E-7C640851D78B}.Release|x86.Build.0 = Release|Win32
		{F8A0FD20-FE62-4CF0-A126-4B0F640BB3D6}.Debug|x64.ActiveCfg = Debug|x64
		{F8A0FD20-FE62-4CF0-A126-4B0F640BB3D6}.Debug|x64.Build.0 = Debug|x64
		{F8A0FD20-FE62-4CF0-A126-4B0F640BB3D6}.Debug|x86.ActiveCfg = Debug|Win32
		{F8A0FD20-FE62-4CF0-A126-4B0F640BB3D6}.Debug|x86.Build.0 = Debug|Win32
		{F8A0FD20-FE62-4CF0-A126-4B0F640BB3D6}.Release|x64.ActiveCfg = Release|x64
		{F8A0FD20-FE62-4CF0-A126-4B0F640BB3D6}.Release|x64.Build.0 = Release|x64
		{F8A0FD20-FE62-4CF0-A126-4B0F640BB3D6}.Release|x86.ActiveCfg = Release|Win32
		{F8A0FD20-FE62-4CF0-A126-4B0F640BB3D6}.Release|x86.Build.0 = Release|Win32
		{C7ACE473-459A-4E8D-870C-D6CDF388A07A}.Debug|x64.ActiveCfg = Debug|x64
		{C7ACE473-459A-4E8D-870C-D6CDF388A07A}.Debug|x64.Build.0 = Debug|x64
		{C7ACE473-459A-4E8D-870C-D6CDF388A07A}.Debug|x86.ActiveCfg = Debug|Win32
		{C7ACE473-459A-4E8D-870C-D6CDF388A07A}.Debug|x86.Build.0 = Debug|Win32
		{C7ACE473-459A-4E8D-870C-D6CDF388A07A}.Release|x64.ActiveCfg = Release|x64
		{C7ACE473-459A-4E8D-870C-D6CDF388A07A}.Release|x64.Build.0 = Release|x64
		{C7ACE473-459A-4E8D-870C-D6CDF388A07A}.Release|x86.ActiveCfg = Release|Win32
		{C7ACE473-459A-4E8D-870C-D6CDF388A07A}.Release|x86.Build.0 = Release|Win32
		{9DDE6DCF-750F-4AFC-BDC3-FAEE6B21F1D7}.Debug|x64.ActiveCfg = Debug|x64
		{9DDE6DCF-750F-4AFC-BDC3-FAEE6B21F1D7}.Debug|x64.Build.0 = Debug|x64
		{9DDE6DCF-750F-4AFC-BDC3-FAEE6B21F1D7}.Debug|x86.ActiveCfg = Debug|Win32
		{9DDE6DCF-750F-4AFC-BDC3-FAEE6B21F1D7}.Debug|x86.Build.0 = Debug|Win32
		{9DDE6DCF-750F-4AFC-BDC3-FAEE6B21F1D7}.Release|x64.ActiveCfg = Release|x64
		{9DDE6DCF-750F-4AFC-BDC3-FAEE6B21F1D7}.Release|x64.Build.0 = Release|x64
		{9DDE6DCF-750F-4AFC-BDC3-FAEE6B21F1D7}.Release|x86.ActiveCfg = Release|Win32
		{9DDE6DCF-750F-4AFC-BDC3-FAEE6B21F1D7}.Release|x86.Build.0 = Release|Win32
		{FFFB2C8A-E5C3-4A68-8822-6A70465D8297}.Debug|x64.ActiveCfg = Debug|x64
		{FFFB2C8A-E5C3-4A68-8822-6A70465D8297}.Debug|x64.Build.0 = Debug|x64
		{FFFB2C8A-E5C3-4A68-8822-6A70465D8297}.Debug|x86.ActiveCfg = Debug|Win32
		{FFFB2C8A-E5C3-4A68-8822-6A70465D8297}.Debug|x86.Build.0 = Debug|Win32
		{FFFB2C8A-E5C3-4A68-8822-6A70465D8297}.Release|x64.ActiveCfg = Release|x64
		{FFFB2C8A-E5C3-4A68-8822-6A70465D8297}.Release|x64.Build.0 = Release|x64
		{FFFB2C8A-E5C3-4A68-8822-6A70465D8297}.Release|x86.ActiveCfg = Release|Win32
		{FFFB2C8A-E5C3-4A68-8822-6A70465D8297}.Release|x86.Build.0 = Release|Win32
		{1216021E-471E-43A4-ADAE-8F2391187106}.Debug|x64.ActiveCfg = Debug|x64
		{1216021E-471E-43A4-ADAE-8F2391187106}.Debug|x64.Build.0 = Debug|x64
		{1216021E-471E-43A4-ADAE-8F2391187106}.Debug|x86.ActiveCfg = Debug|Win32
		{1216021E-471E-43A4-ADAE-8F2391187106}.Debug|x86.Build.0 = Debug|Win32
		{1216021E-471E-43A4-ADAE-8F2391187106}.Release|x64.ActiveCfg = Release|x64
		{1216021E-471E-43A4-ADAE-8F2391187106}.Release|x64.Build.0 = Release|x64
		{1216021E-471E-43A4-ADAE-8F2391187106}.Release|x86.ActiveCfg = Release|Win32
		{1216021E-471E-43A4-ADAE-8F2391187106}.Release|x86.Build.0 = Release|Win32
		{70FF1B11-9D6C-416E-9EB5-C05BE644D402}.Debug|x64.ActiveCfg = Debug|x64
		{70FF1B11-9D6C-416E-9EB5-C05BE644D402}.Debug|x64.Build.0 = Debug|x64
		{70FF1B11-9D6C-416E-9EB5-C05BE644D402}.Debug|x86.ActiveCfg = Debug|Win32
		{70FF1B11-9D6C-416E-9EB5-C05BE644D402}.Debug|x86.Build.0 = Debug|Win32
		{70FF1B11-9D6C-416E-9EB5-C05BE644D402}.Release|x64.ActiveCfg = Release|x64
		{70FF1B11-9D6C-416E-9EB5-C05BE644D402}.Release|x64.Build.0 = Release|x64
		{70FF1B11-9D6C-416E-9EB5-C05BE644D402}.Release|x86.ActiveCfg = Release|Win32
		{70FF1B11-9D6C-416E-9EB5-C05BE644D402}.Release|x86.Build.0 = Release|Win32
		{5F1E7A75-4B11-4447-B048-768C65AEBF80}.Debug|x64.ActiveCfg = Debug|x64
		{5F1E7A75-4B11-4447-B048-768C65AEBF80}.Debug|x64.Build.0 = Debug|x64
		{5F1E7A75-4B11-4447-B048-768C65AEBF80}.Debug|x86.ActiveCfg = Debug|Win32
		{5F1E7A75-4B11-4447-B048-768C65AEBF80}.Debug|x86.Build.0 = Debug|Win32
		{5F1E7A75-4B11-4447-B048-768C65AEBF80}.Release|x64.ActiveCfg = Release|x64
		{5F1E7A75-4B11-4447-B048-768C65AEBF80}.Release|x64.Build.0 = Release|x64
		{5F1E7A75-4B11-4447-B048-768C65AEBF80}.Release|x86.ActiveCfg = Release|Win32
		{5F1E7A75-4B11-4447-B048-768C65AEBF80}.Release|x86.Build.0 = Release|Win32
	EndGlobalSection
	GlobalSection(SolutionProperties) = preSolution
		HideSolutionNode = FALSE
	EndGlobalSection
	GlobalSection(ExtensibilityGlobals) = postSolution
		SolutionGuid = {D195823A-0479-4EAA-847A-1C5E0B1612A8}
	EndGlobalSection
EndGlobal
