
Microsoft Visual Studio Solution File, Format Version 12.00
# Visual Studio Version 17
VisualStudioVersion = 17.9.34728.123
MinimumVisualStudioVersion = 10.0.40219.1
Project("{8BC9CEB8-8B4A-11D0-8D11-00A0C91BC942}") = "02.01", "02.01\02.01.vcxproj", "{B61F3395-121B-40E2-815C-2E14F3F37728}"
EndProject
Project("{8BC9CEB8-8B4A-11D0-8D11-00A0C91BC942}") = "02.02", "02.02\02.02.vcxproj", "{8AE8DB63-C42D-470D-9F12-364CAB2B7A6D}"
EndProject
Project("{8BC9CEB8-8B4A-11D0-8D11-00A0C91BC942}") = "02.03", "02.03\02.03.vcxproj", "{6267D59F-841A-449D-BFB8-9F1EB5D4D4A2}"
EndProject
Project("{8BC9CEB8-8B4A-11D0-8D11-00A0C91BC942}") = "02.04", "02.04\02.04.vcxproj", "{D7222BCB-010F-45B9-979B-9C9E2008F2AB}"
EndProject
Project("{8BC9CEB8-8B4A-11D0-8D11-00A0C91BC942}") = "02.05", "02.05\02.05.vcxproj", "{478F7829-2A33-4097-B0A9-4162AF78EAFD}"
EndProject
Project("{8BC9CEB8-8B4A-11D0-8D11-00A0C91BC942}") = "02.06", "02.06\02.06.vcxproj", "{DF12204A-E3E8-456A-A0BE-CA91E4C89E13}"
EndProject
Project("{8BC9CEB8-8B4A-11D0-8D11-00A0C91BC942}") = "02.07", "02.07\02.07.vcxproj", "{DC1E57C0-C772-46BB-AB7A-4AA92A21B7FB}"
EndProject
Project("{8BC9CEB8-8B4A-11D0-8D11-00A0C91BC942}") = "02.08", "02.08\02.08.vcxproj", "{77862668-7F24-45C3-BBE1-1CAD243C1CA0}"
EndProject
Project("{8BC9CEB8-8B4A-11D0-8D11-00A0C91BC942}") = "02.09", "02.09\02.09.vcxproj", "{99C788FE-7E45-43CA-8A91-2B5AEF28B360}"
EndProject
Project("{8BC9CEB8-8B4A-11D0-8D11-00A0C91BC942}") = "02.10", "02.10\02.10.vcxproj", "{4706DB7C-E267-4A92-98E0-2B899B7CE56B}"
EndProject
Project("{8BC9CEB8-8B4A-11D0-8D11-00A0C91BC942}") = "02.11", "02.11\02.11.vcxproj", "{96BEF52A-D8AB-4EB7-ACEE-BF0203A7CFF0}"
EndProject
Global
	GlobalSection(SolutionConfigurationPlatforms) = preSolution
		Debug|x64 = Debug|x64
		Debug|x86 = Debug|x86
		Release|x64 = Release|x64
		Release|x86 = Release|x86
	EndGlobalSection
	GlobalSection(ProjectConfigurationPlatforms) = postSolution
		{B61F3395-121B-40E2-815C-2E14F3F37728}.Debug|x64.ActiveCfg = Debug|x64
		{B61F3395-121B-40E2-815C-2E14F3F37728}.Debug|x64.Build.0 = Debug|x64
		{B61F3395-121B-40E2-815C-2E14F3F37728}.Debug|x86.ActiveCfg = Debug|Win32
		{B61F3395-121B-40E2-815C-2E14F3F37728}.Debug|x86.Build.0 = Debug|Win32
		{B61F3395-121B-40E2-815C-2E14F3F37728}.Release|x64.ActiveCfg = Release|x64
		{B61F3395-121B-40E2-815C-2E14F3F37728}.Release|x64.Build.0 = Release|x64
		{B61F3395-121B-40E2-815C-2E14F3F37728}.Release|x86.ActiveCfg = Release|Win32
		{B61F3395-121B-40E2-815C-2E14F3F37728}.Release|x86.Build.0 = Release|Win32
		{8AE8DB63-C42D-470D-9F12-364CAB2B7A6D}.Debug|x64.ActiveCfg = Debug|x64
		{8AE8DB63-C42D-470D-9F12-364CAB2B7A6D}.Debug|x64.Build.0 = Debug|x64
		{8AE8DB63-C42D-470D-9F12-364CAB2B7A6D}.Debug|x86.ActiveCfg = Debug|Win32
		{8AE8DB63-C42D-470D-9F12-364CAB2B7A6D}.Debug|x86.Build.0 = Debug|Win32
		{8AE8DB63-C42D-470D-9F12-364CAB2B7A6D}.Release|x64.ActiveCfg = Release|x64
		{8AE8DB63-C42D-470D-9F12-364CAB2B7A6D}.Release|x64.Build.0 = Release|x64
		{8AE8DB63-C42D-470D-9F12-364CAB2B7A6D}.Release|x86.ActiveCfg = Release|Win32
		{8AE8DB63-C42D-470D-9F12-364CAB2B7A6D}.Release|x86.Build.0 = Release|Win32
		{6267D59F-841A-449D-BFB8-9F1EB5D4D4A2}.Debug|x64.ActiveCfg = Debug|x64
		{6267D59F-841A-449D-BFB8-9F1EB5D4D4A2}.Debug|x64.Build.0 = Debug|x64
		{6267D59F-841A-449D-BFB8-9F1EB5D4D4A2}.Debug|x86.ActiveCfg = Debug|Win32
		{6267D59F-841A-449D-BFB8-9F1EB5D4D4A2}.Debug|x86.Build.0 = Debug|Win32
		{6267D59F-841A-449D-BFB8-9F1EB5D4D4A2}.Release|x64.ActiveCfg = Release|x64
		{6267D59F-841A-449D-BFB8-9F1EB5D4D4A2}.Release|x64.Build.0 = Release|x64
		{6267D59F-841A-449D-BFB8-9F1EB5D4D4A2}.Release|x86.ActiveCfg = Release|Win32
		{6267D59F-841A-449D-BFB8-9F1EB5D4D4A2}.Release|x86.Build.0 = Release|Win32
		{D7222BCB-010F-45B9-979B-9C9E2008F2AB}.Debug|x64.ActiveCfg = Debug|x64
		{D7222BCB-010F-45B9-979B-9C9E2008F2AB}.Debug|x64.Build.0 = Debug|x64
		{D7222BCB-010F-45B9-979B-9C9E2008F2AB}.Debug|x86.ActiveCfg = Debug|Win32
		{D7222BCB-010F-45B9-979B-9C9E2008F2AB}.Debug|x86.Build.0 = Debug|Win32
		{D7222BCB-010F-45B9-979B-9C9E2008F2AB}.Release|x64.ActiveCfg = Release|x64
		{D7222BCB-010F-45B9-979B-9C9E2008F2AB}.Release|x64.Build.0 = Release|x64
		{D7222BCB-010F-45B9-979B-9C9E2008F2AB}.Release|x86.ActiveCfg = Release|Win32
		{D7222BCB-010F-45B9-979B-9C9E2008F2AB}.Release|x86.Build.0 = Release|Win32
		{478F7829-2A33-4097-B0A9-4162AF78EAFD}.Debug|x64.ActiveCfg = Debug|x64
		{478F7829-2A33-4097-B0A9-4162AF78EAFD}.Debug|x64.Build.0 = Debug|x64
		{478F7829-2A33-4097-B0A9-4162AF78EAFD}.Debug|x86.ActiveCfg = Debug|Win32
		{478F7829-2A33-4097-B0A9-4162AF78EAFD}.Debug|x86.Build.0 = Debug|Win32
		{478F7829-2A33-4097-B0A9-4162AF78EAFD}.Release|x64.ActiveCfg = Release|x64
		{478F7829-2A33-4097-B0A9-4162AF78EAFD}.Release|x64.Build.0 = Release|x64
		{478F7829-2A33-4097-B0A9-4162AF78EAFD}.Release|x86.ActiveCfg = Release|Win32
		{478F7829-2A33-4097-B0A9-4162AF78EAFD}.Release|x86.Build.0 = Release|Win32
		{DF12204A-E3E8-456A-A0BE-CA91E4C89E13}.Debug|x64.ActiveCfg = Debug|x64
		{DF12204A-E3E8-456A-A0BE-CA91E4C89E13}.Debug|x64.Build.0 = Debug|x64
		{DF12204A-E3E8-456A-A0BE-CA91E4C89E13}.Debug|x86.ActiveCfg = Debug|Win32
		{DF12204A-E3E8-456A-A0BE-CA91E4C89E13}.Debug|x86.Build.0 = Debug|Win32
		{DF12204A-E3E8-456A-A0BE-CA91E4C89E13}.Release|x64.ActiveCfg = Release|x64
		{DF12204A-E3E8-456A-A0BE-CA91E4C89E13}.Release|x64.Build.0 = Release|x64
		{DF12204A-E3E8-456A-A0BE-CA91E4C89E13}.Release|x86.ActiveCfg = Release|Win32
		{DF12204A-E3E8-456A-A0BE-CA91E4C89E13}.Release|x86.Build.0 = Release|Win32
		{DC1E57C0-C772-46BB-AB7A-4AA92A21B7FB}.Debug|x64.ActiveCfg = Debug|x64
		{DC1E57C0-C772-46BB-AB7A-4AA92A21B7FB}.Debug|x64.Build.0 = Debug|x64
		{DC1E57C0-C772-46BB-AB7A-4AA92A21B7FB}.Debug|x86.ActiveCfg = Debug|Win32
		{DC1E57C0-C772-46BB-AB7A-4AA92A21B7FB}.Debug|x86.Build.0 = Debug|Win32
		{DC1E57C0-C772-46BB-AB7A-4AA92A21B7FB}.Release|x64.ActiveCfg = Release|x64
		{DC1E57C0-C772-46BB-AB7A-4AA92A21B7FB}.Release|x64.Build.0 = Release|x64
		{DC1E57C0-C772-46BB-AB7A-4AA92A21B7FB}.Release|x86.ActiveCfg = Release|Win32
		{DC1E57C0-C772-46BB-AB7A-4AA92A21B7FB}.Release|x86.Build.0 = Release|Win32
		{77862668-7F24-45C3-BBE1-1CAD243C1CA0}.Debug|x64.ActiveCfg = Debug|x64
		{77862668-7F24-45C3-BBE1-1CAD243C1CA0}.Debug|x64.Build.0 = Debug|x64
		{77862668-7F24-45C3-BBE1-1CAD243C1CA0}.Debug|x86.ActiveCfg = Debug|Win32
		{77862668-7F24-45C3-BBE1-1CAD243C1CA0}.Debug|x86.Build.0 = Debug|Win32
		{77862668-7F24-45C3-BBE1-1CAD243C1CA0}.Release|x64.ActiveCfg = Release|x64
		{77862668-7F24-45C3-BBE1-1CAD243C1CA0}.Release|x64.Build.0 = Release|x64
		{77862668-7F24-45C3-BBE1-1CAD243C1CA0}.Release|x86.ActiveCfg = Release|Win32
		{77862668-7F24-45C3-BBE1-1CAD243C1CA0}.Release|x86.Build.0 = Release|Win32
		{99C788FE-7E45-43CA-8A91-2B5AEF28B360}.Debug|x64.ActiveCfg = Debug|x64
		{99C788FE-7E45-43CA-8A91-2B5AEF28B360}.Debug|x64.Build.0 = Debug|x64
		{99C788FE-7E45-43CA-8A91-2B5AEF28B360}.Debug|x86.ActiveCfg = Debug|Win32
		{99C788FE-7E45-43CA-8A91-2B5AEF28B360}.Debug|x86.Build.0 = Debug|Win32
		{99C788FE-7E45-43CA-8A91-2B5AEF28B360}.Release|x64.ActiveCfg = Release|x64
		{99C788FE-7E45-43CA-8A91-2B5AEF28B360}.Release|x64.Build.0 = Release|x64
		{99C788FE-7E45-43CA-8A91-2B5AEF28B360}.Release|x86.ActiveCfg = Release|Win32
		{99C788FE-7E45-43CA-8A91-2B5AEF28B360}.Release|x86.Build.0 = Release|Win32
		{4706DB7C-E267-4A92-98E0-2B899B7CE56B}.Debug|x64.ActiveCfg = Debug|x64
		{4706DB7C-E267-4A92-98E0-2B899B7CE56B}.Debug|x64.Build.0 = Debug|x64
		{4706DB7C-E267-4A92-98E0-2B899B7CE56B}.Debug|x86.ActiveCfg = Debug|Win32
		{4706DB7C-E267-4A92-98E0-2B899B7CE56B}.Debug|x86.Build.0 = Debug|Win32
		{4706DB7C-E267-4A92-98E0-2B899B7CE56B}.Release|x64.ActiveCfg = Release|x64
		{4706DB7C-E267-4A92-98E0-2B899B7CE56B}.Release|x64.Build.0 = Release|x64
		{4706DB7C-E267-4A92-98E0-2B899B7CE56B}.Release|x86.ActiveCfg = Release|Win32
		{4706DB7C-E267-4A92-98E0-2B899B7CE56B}.Release|x86.Build.0 = Release|Win32
		{96BEF52A-D8AB-4EB7-ACEE-BF0203A7CFF0}.Debug|x64.ActiveCfg = Debug|x64
		{96BEF52A-D8AB-4EB7-ACEE-BF0203A7CFF0}.Debug|x64.Build.0 = Debug|x64
		{96BEF52A-D8AB-4EB7-ACEE-BF0203A7CFF0}.Debug|x86.ActiveCfg = Debug|Win32
		{96BEF52A-D8AB-4EB7-ACEE-BF0203A7CFF0}.Debug|x86.Build.0 = Debug|Win32
		{96BEF52A-D8AB-4EB7-ACEE-BF0203A7CFF0}.Release|x64.ActiveCfg = Release|x64
		{96BEF52A-D8AB-4EB7-ACEE-BF0203A7CFF0}.Release|x64.Build.0 = Release|x64
		{96BEF52A-D8AB-4EB7-ACEE-BF0203A7CFF0}.Release|x86.ActiveCfg = Release|Win32
		{96BEF52A-D8AB-4EB7-ACEE-BF0203A7CFF0}.Release|x86.Build.0 = Release|Win32
	EndGlobalSection
	GlobalSection(SolutionProperties) = preSolution
		HideSolutionNode = FALSE
	EndGlobalSection
	GlobalSection(ExtensibilityGlobals) = postSolution
		SolutionGuid = {F9D0F241-0A26-4341-B211-690F3548E022}
	EndGlobalSection
EndGlobal
